version: 6
environments:
  default:
    channels:
    - url: https://conda.anaconda.org/conda-forge/
    - url: https://conda.anaconda.org/bioconda/
    options:
      pypi-prerelease-mode: if-necessary-or-explicit
    packages:
      linux-64:
      - conda: https://conda.anaconda.org/conda-forge/linux-64/_openmp_mutex-4.5-20_gnu.conda
      - conda: https://conda.anaconda.org/conda-forge/linux-64/arpack-3.9.1-nompi_hf03ea27_102.conda
      - conda: https://conda.anaconda.org/conda-forge/linux-64/aws-c-auth-0.10.1-h2d2dd48_2.conda
      - conda: https://conda.anaconda.org/conda-forge/linux-64/aws-c-cal-0.9.13-h2c9d079_1.conda
      - conda: https://conda.anaconda.org/conda-forge/linux-64/aws-c-common-0.12.6-hb03c661_0.conda
      - conda: https://conda.anaconda.org/conda-forge/linux-64/aws-c-compression-0.3.2-h8b1a151_0.conda
      - conda: https://conda.anaconda.org/conda-forge/linux-64/aws-c-http-0.10.12-h4bacb7b_1.conda
      - conda: https://conda.anaconda.org/conda-forge/linux-64/aws-c-io-0.26.3-hc87160b_0.conda
      - conda: https://conda.anaconda.org/conda-forge/linux-64/aws-c-s3-0.11.5-h6d69fc9_5.conda
      - conda: https://conda.anaconda.org/conda-forge/linux-64/aws-c-sdkutils-0.2.4-h8b1a151_4.conda
      - conda: https://conda.anaconda.org/conda-forge/linux-64/aws-checksums-0.2.10-h8b1a151_0.conda
      - conda: https://conda.anaconda.org/conda-forge/linux-64/bzip2-1.0.8-hda65f42_9.conda
      - conda: https://conda.anaconda.org/conda-forge/linux-64/c-ares-1.34.6-hb03c661_0.conda
      - conda: https://conda.anaconda.org/conda-forge/noarch/ca-certificates-2026.4.22-hbd8a1cb_0.conda
      - conda: https://conda.anaconda.org/conda-forge/noarch/cached-property-1.5.2-hd8ed1ab_1.tar.bz2
      - conda: https://conda.anaconda.org/conda-forge/noarch/cached_property-1.5.2-pyha770c72_1.tar.bz2
      - conda: https://conda.anaconda.org/conda-forge/linux-64/curl-8.19.0-hcf29cc6_0.conda
      - conda: https://conda.anaconda.org/conda-forge/linux-64/git-2.53.0-pl5321h6d3cee1_0.conda
      - conda: https://conda.anaconda.org/conda-forge/linux-64/gmp-6.3.0-hac33072_2.conda
      - conda: https://conda.anaconda.org/conda-forge/linux-64/h5py-3.16.0-nompi_py314hddf7a69_102.conda
      - conda: https://conda.anaconda.org/conda-forge/linux-64/hdf5-2.1.0-nompi_hd4fcb43_104.conda
      - conda: https://conda.anaconda.org/conda-forge/linux-64/icu-78.3-h33c6efd_0.conda
      - conda: https://conda.anaconda.org/conda-forge/linux-64/julia-1.12.5-h1382a85_0.conda
      - conda: https://conda.anaconda.org/conda-forge/linux-64/keyutils-1.6.3-hb9d3cd8_0.conda
      - conda: https://conda.anaconda.org/conda-forge/linux-64/krb5-1.22.2-ha1258a1_0.conda
      - conda: https://conda.anaconda.org/conda-forge/linux-64/ld_impl_linux-64-2.45.1-default_hbd61a6d_102.conda
      - conda: https://conda.anaconda.org/conda-forge/linux-64/libaec-1.1.5-h088129d_0.conda
      - conda: https://conda.anaconda.org/conda-forge/linux-64/libamd-3.3.3-h456b2da_7100101.conda
      - conda: https://conda.anaconda.org/conda-forge/linux-64/libblas-3.11.0-6_h4a7cf45_openblas.conda
      - conda: https://conda.anaconda.org/conda-forge/linux-64/libbtf-2.3.2-hf02c80a_7100101.conda
      - conda: https://conda.anaconda.org/conda-forge/linux-64/libcamd-3.3.3-hf02c80a_7100101.conda
      - conda: https://conda.anaconda.org/conda-forge/linux-64/libcblas-3.11.0-6_h0358290_openblas.conda
      - conda: https://conda.anaconda.org/conda-forge/linux-64/libccolamd-3.3.4-hf02c80a_7100101.conda
      - conda: https://conda.anaconda.org/conda-forge/linux-64/libcholmod-5.3.1-h9cf07ce_7100101.conda
      - conda: https://conda.anaconda.org/conda-forge/linux-64/libcolamd-3.3.4-hf02c80a_7100101.conda
      - conda: https://conda.anaconda.org/conda-forge/linux-64/libcurl-8.19.0-hcf29cc6_0.conda
      - conda: https://conda.anaconda.org/conda-forge/linux-64/libcxsparse-4.4.1-hf02c80a_7100101.conda
      - conda: https://conda.anaconda.org/conda-forge/linux-64/libedit-3.1.20250104-pl5321h7949ede_0.conda
      - conda: https://conda.anaconda.org/conda-forge/linux-64/libev-4.33-hd590300_2.conda
      - conda: https://conda.anaconda.org/conda-forge/linux-64/libexpat-2.7.5-hecca717_0.conda
      - conda: https://conda.anaconda.org/conda-forge/linux-64/libffi-3.5.2-h3435931_0.conda
      - conda: https://conda.anaconda.org/conda-forge/linux-64/libgcc-15.2.0-he0feb66_18.conda
      - conda: https://conda.anaconda.org/conda-forge/linux-64/libgcc-ng-15.2.0-h69a702a_18.conda
      - conda: https://conda.anaconda.org/conda-forge/linux-64/libgfortran-15.2.0-h69a702a_18.conda
      - conda: https://conda.anaconda.org/conda-forge/linux-64/libgfortran5-15.2.0-h68bc16d_18.conda
      - conda: https://conda.anaconda.org/conda-forge/linux-64/libgit2-1.9.2-hc20babb_0.conda
      - conda: https://conda.anaconda.org/conda-forge/linux-64/libgomp-15.2.0-he0feb66_18.conda
      - conda: https://conda.anaconda.org/conda-forge/linux-64/libiconv-1.18-h3b78370_2.conda
      - conda: https://conda.anaconda.org/conda-forge/linux-64/libklu-2.3.5-h95ff59c_7100101.conda
      - conda: https://conda.anaconda.org/conda-forge/linux-64/liblapack-3.11.0-6_h47877c9_openblas.conda
      - conda: https://conda.anaconda.org/conda-forge/linux-64/libldl-3.3.2-hf02c80a_7100101.conda
      - conda: https://conda.anaconda.org/conda-forge/linux-64/liblzma-5.8.3-hb03c661_0.conda
      - conda: https://conda.anaconda.org/conda-forge/linux-64/libmpdec-4.0.0-hb03c661_1.conda
      - conda: https://conda.anaconda.org/conda-forge/linux-64/libnghttp2-1.68.1-h877daf1_0.conda
      - conda: https://conda.anaconda.org/conda-forge/linux-64/libopenblas-0.3.32-pthreads_h94d23a6_0.conda
      - conda: https://conda.anaconda.org/conda-forge/linux-64/libopenblas-ilp64-0.3.33-pthreads_h3e26593_0.conda
      - conda: https://conda.anaconda.org/conda-forge/linux-64/libopenlibm4-0.8.1-hd590300_1.conda
      - conda: https://conda.anaconda.org/conda-forge/linux-64/libparu-1.0.0-hc6afc67_7100101.conda
      - conda: https://conda.anaconda.org/conda-forge/linux-64/librbio-4.3.4-hf02c80a_7100101.conda
      - conda: https://conda.anaconda.org/conda-forge/linux-64/libspex-3.2.3-h9226d62_7100101.conda
      - conda: https://conda.anaconda.org/conda-forge/linux-64/libspqr-4.3.4-h23b7119_7100101.conda
      - conda: https://conda.anaconda.org/conda-forge/linux-64/libsqlite-3.53.0-hf4e2dac_0.conda
      - conda: https://conda.anaconda.org/conda-forge/linux-64/libssh2-1.11.1-hcf80075_0.conda
      - conda: https://conda.anaconda.org/conda-forge/linux-64/libstdcxx-15.2.0-h934c35e_18.conda
      - conda: https://conda.anaconda.org/conda-forge/linux-64/libstdcxx-ng-15.2.0-hdf11a46_18.conda
      - conda: https://conda.anaconda.org/conda-forge/linux-64/libsuitesparseconfig-7.10.1-h901830b_7100101.conda
      - conda: https://conda.anaconda.org/conda-forge/linux-64/libumfpack-6.3.5-h873dde6_7100101.conda
      - conda: https://conda.anaconda.org/conda-forge/linux-64/libunwind-1.6.2-h9c3ff4c_0.tar.bz2
      - conda: https://conda.anaconda.org/conda-forge/linux-64/libutf8proc-2.11.3-hfe17d71_0.conda
      - conda: https://conda.anaconda.org/conda-forge/linux-64/libuuid-2.42-h5347b49_0.conda
      - conda: https://conda.anaconda.org/conda-forge/linux-64/libxcrypt-4.4.36-hd590300_1.conda
      - conda: https://conda.anaconda.org/conda-forge/linux-64/libzlib-1.3.2-h25fd6f3_2.conda
      - conda: https://conda.anaconda.org/conda-forge/linux-64/metis-5.1.0-hd0bcaf9_1007.conda
      - conda: https://conda.anaconda.org/conda-forge/linux-64/mpfr-4.2.2-he0a73b1_0.conda
      - conda: https://conda.anaconda.org/conda-forge/linux-64/ncurses-6.5-h2d0b736_3.conda
      - conda: https://conda.anaconda.org/conda-forge/linux-64/numpy-2.4.3-py314h2b28147_0.conda
      - conda: https://conda.anaconda.org/conda-forge/linux-64/openblas-ilp64-0.3.33-pthreads_h3d04fff_0.conda
      - conda: https://conda.anaconda.org/conda-forge/linux-64/openlibm-0.8.1-hd590300_1.conda
      - conda: https://conda.anaconda.org/conda-forge/linux-64/openssl-3.6.2-h35e630c_0.conda
      - conda: https://conda.anaconda.org/conda-forge/linux-64/p7zip-16.02-h9c3ff4c_1001.tar.bz2
      - conda: https://conda.anaconda.org/conda-forge/linux-64/pcre2-10.47-haa7fec5_0.conda
      - conda: https://conda.anaconda.org/conda-forge/linux-64/perl-5.32.1-7_hd590300_perl5.conda
      - conda: https://conda.anaconda.org/conda-forge/linux-64/python-3.14.4-habeac84_100_cp314.conda
      - conda: https://conda.anaconda.org/conda-forge/noarch/python_abi-3.14-8_cp314.conda
      - conda: https://conda.anaconda.org/conda-forge/linux-64/readline-8.3-h853b02a_0.conda
      - conda: https://conda.anaconda.org/conda-forge/linux-64/s2n-1.7.1-h1cbb8d7_1.conda
      - conda: https://conda.anaconda.org/conda-forge/linux-64/suitesparse-7.10.1-h5b2951e_7100101.conda
      - conda: https://conda.anaconda.org/conda-forge/linux-64/tk-8.6.13-noxft_h366c992_103.conda
      - conda: https://conda.anaconda.org/conda-forge/noarch/tzdata-2025c-hc9c84f9_1.conda
      - conda: https://conda.anaconda.org/conda-forge/linux-64/zlib-1.3.2-h25fd6f3_2.conda
      - conda: https://conda.anaconda.org/conda-forge/linux-64/zstd-1.5.7-hb78ec9c_6.conda
packages:
- conda: https://conda.anaconda.org/conda-forge/linux-64/_openmp_mutex-4.5-20_gnu.conda
  build_number: 20
  sha256: 1dd3fffd892081df9726d7eb7e0dea6198962ba775bd88842135a4ddb4deb3c9
  md5: a9f577daf3de00bca7c3c76c0ecbd1de
  depends:
  - __glibc >=2.17,<3.0.a0
  - libgomp >=7.5.0
  constrains:
  - openmp_impl <0.0a0
  license: BSD-3-Clause
  license_family: BSD
  size: 28948
  timestamp: 1770939786096
- conda: https://conda.anaconda.org/conda-forge/linux-64/arpack-3.9.1-nompi_hf03ea27_102.conda
  sha256: 6d71343420292132be0192ddd962b308f7b8a0a0630d1db83fb9d65e8167c6ce
  md5: e09af397232ef1070e0b6cbf4c64aacb
  depends:
  - __glibc >=2.17,<3.0.a0
  - libblas >=3.9.0,<4.0a0
  - libgcc >=13
  - libgfortran
  - libgfortran5 >=13.3.0
  - liblapack >=3.9.0,<4.0a0
  - libstdcxx >=13
  license: BSD-3-Clause
  license_family: BSD
  size: 130412
  timestamp: 1736083992796
- conda: https://conda.anaconda.org/conda-forge/linux-64/aws-c-auth-0.10.1-h2d2dd48_2.conda
  sha256: 292aa18fe6ab5351710e6416fbd683eaef3aa5b1b7396da9350ff08efc660e4f
  md5: 675ea6d90900350b1dcfa8231a5ea2dd
  depends:
  - libgcc >=14
  - __glibc >=2.17,<3.0.a0
  - aws-c-common >=0.12.6,<0.12.7.0a0
  - aws-c-sdkutils >=0.2.4,<0.2.5.0a0
  - aws-c-cal >=0.9.13,<0.9.14.0a0
  - aws-c-http >=0.10.12,<0.10.13.0a0
  - aws-c-io >=0.26.3,<0.26.4.0a0
  license: Apache-2.0
  license_family: APACHE
  size: 134426
  timestamp: 1774274932726
- conda: https://conda.anaconda.org/conda-forge/linux-64/aws-c-cal-0.9.13-h2c9d079_1.conda
  sha256: f21d648349a318f4ae457ea5403d542ba6c0e0343b8642038523dd612b2a5064
  md5: 3c3d02681058c3d206b562b2e3bc337f
  depends:
  - __glibc >=2.17,<3.0.a0
  - aws-c-common >=0.12.6,<0.12.7.0a0
  - libgcc >=14
  - openssl >=3.5.4,<4.0a0
  license: Apache-2.0
  license_family: Apache
  size: 56230
  timestamp: 1764593147526
- conda: https://conda.anaconda.org/conda-forge/linux-64/aws-c-common-0.12.6-hb03c661_0.conda
  sha256: 926a5b9de0a586e88669d81de717c8dd3218c51ce55658e8a16af7e7fe87c833
  md5: e36ad70a7e0b48f091ed6902f04c23b8
  depends:
  - __glibc >=2.17,<3.0.a0
  - libgcc >=14
  license: Apache-2.0
  license_family: Apache
  size: 239605
  timestamp: 1763585595898
- conda: https://conda.anaconda.org/conda-forge/linux-64/aws-c-compression-0.3.2-h8b1a151_0.conda
  sha256: 1838bdc077b77168416801f4715335b65e9223f83641a2c28644f8acd8f9db0e
  md5: f16f498641c9e05b645fe65902df661a
  depends:
  - libgcc >=14
  - __glibc >=2.17,<3.0.a0
  - aws-c-common >=0.12.6,<0.12.7.0a0
  license: Apache-2.0
  license_family: APACHE
  size: 22278
  timestamp: 1767790836624
- conda: https://conda.anaconda.org/conda-forge/linux-64/aws-c-http-0.10.12-h4bacb7b_1.conda
  sha256: c6f910d400ef9034493988e8cd37bd4712e42d85921122bcda4ba68d4614b131
  md5: 7bc920933e5fb225aba86a788164a8f1
  depends:
  - libgcc >=14
  - __glibc >=2.17,<3.0.a0
  - aws-c-io >=0.26.3,<0.26.4.0a0
  - aws-c-cal >=0.9.13,<0.9.14.0a0
  - aws-c-compression >=0.3.2,<0.3.3.0a0
  - aws-c-common >=0.12.6,<0.12.7.0a0
  license: Apache-2.0
  license_family: APACHE
  size: 225868
  timestamp: 1774270031584
- conda: https://conda.anaconda.org/conda-forge/linux-64/aws-c-io-0.26.3-hc87160b_0.conda
  sha256: c66ebb7815949db72bab7c86bf477197e4bc6937c381cf32248bdd1ce496db00
  md5: dde6a3e4fe6bb2ecd2a7050dd1e701fb
  depends:
  - __glibc >=2.17,<3.0.a0
  - libgcc >=14
  - aws-c-cal >=0.9.13,<0.9.14.0a0
  - s2n >=1.7.1,<1.7.2.0a0
  - aws-c-common >=0.12.6,<0.12.7.0a0
  license: Apache-2.0
  license_family: APACHE
  size: 181624
  timestamp: 1773868304737
- conda: https://conda.anaconda.org/conda-forge/linux-64/aws-c-s3-0.11.5-h6d69fc9_5.conda
  sha256: c15869656f5fbebe27cc5aa58b23831f75d85502d324fedd7ee7e552c79b495d
  md5: 4c5c16bf1133dcfe100f33dd4470998e
  depends:
  - __glibc >=2.17,<3.0.a0
  - libgcc >=14
  - aws-c-io >=0.26.3,<0.26.4.0a0
  - aws-checksums >=0.2.10,<0.2.11.0a0
  - aws-c-common >=0.12.6,<0.12.7.0a0
  - aws-c-http >=0.10.12,<0.10.13.0a0
  - openssl >=3.5.5,<4.0a0
  - aws-c-auth >=0.10.1,<0.10.2.0a0
  - aws-c-cal >=0.9.13,<0.9.14.0a0
  license: Apache-2.0
  license_family: APACHE
  size: 151340
  timestamp: 1774282148690
- conda: https://conda.anaconda.org/conda-forge/linux-64/aws-c-sdkutils-0.2.4-h8b1a151_4.conda
  sha256: 9d62c5029f6f8219368a8665f0a549da572dc777f52413b7d75609cacdbc02cc
  md5: c7e3e08b7b1b285524ab9d74162ce40b
  depends:
  - __glibc >=2.17,<3.0.a0
  - libgcc >=14
  - aws-c-common >=0.12.6,<0.12.7.0a0
  license: Apache-2.0
  license_family: APACHE
  size: 59383
  timestamp: 1764610113765
- conda: https://conda.anaconda.org/conda-forge/linux-64/aws-checksums-0.2.10-h8b1a151_0.conda
  sha256: 09472dd5fa4473cffd44741ee4c1112f2c76d7168d1343de53c2ad283dc1efa6
  md5: f8e1bcc5c7d839c5882e94498791be08
  depends:
  - libgcc >=14
  - __glibc >=2.17,<3.0.a0
  - aws-c-common >=0.12.6,<0.12.7.0a0
  license: Apache-2.0
  license_family: APACHE
  size: 101435
  timestamp: 1771063496927
- conda: https://conda.anaconda.org/conda-forge/linux-64/bzip2-1.0.8-hda65f42_9.conda
  sha256: 0b75d45f0bba3e95dc693336fa51f40ea28c980131fec438afb7ce6118ed05f6
  md5: d2ffd7602c02f2b316fd921d39876885
  depends:
  - __glibc >=2.17,<3.0.a0
  - libgcc >=14
  license: bzip2-1.0.6
  license_family: BSD
  size: 260182
  timestamp: 1771350215188
- conda: https://conda.anaconda.org/conda-forge/linux-64/c-ares-1.34.6-hb03c661_0.conda
  sha256: cc9accf72fa028d31c2a038460787751127317dcfa991f8d1f1babf216bb454e
  md5: 920bb03579f15389b9e512095ad995b7
  depends:
  - __glibc >=2.17,<3.0.a0
  - libgcc >=14
  license: MIT
  license_family: MIT
  size: 207882
  timestamp: 1765214722852
- conda: https://conda.anaconda.org/conda-forge/noarch/ca-certificates-2026.4.22-hbd8a1cb_0.conda
  sha256: c9dbcc8039a52023660d6d1bbf87594a93dd69c6ac5a2a44323af2c92976728d
  md5: e18ad67cf881dcadee8b8d9e2f8e5f73
  depends:
  - __unix
  license: ISC
  size: 131039
  timestamp: 1776865545798
- conda: https://conda.anaconda.org/conda-forge/noarch/cached-property-1.5.2-hd8ed1ab_1.tar.bz2
  noarch: python
  sha256: 561e6660f26c35d137ee150187d89767c988413c978e1b712d53f27ddf70ea17
  md5: 9b347a7ec10940d3f7941ff6c460b551
  depends:
  - cached_property >=1.5.2,<1.5.3.0a0
  license: BSD-3-Clause
  license_family: BSD
  size: 4134
  timestamp: 1615209571450
- conda: https://conda.anaconda.org/conda-forge/noarch/cached_property-1.5.2-pyha770c72_1.tar.bz2
  sha256: 6dbf7a5070cc43d90a1e4c2ec0c541c69d8e30a0e25f50ce9f6e4a432e42c5d7
  md5: 576d629e47797577ab0f1b351297ef4a
  depends:
  - python >=3.6
  license: BSD-3-Clause
  license_family: BSD
  size: 11065
  timestamp: 1615209567874
- conda: https://conda.anaconda.org/conda-forge/linux-64/curl-8.19.0-hcf29cc6_0.conda
  sha256: 783b7525ef535b67236c2773f5553b111ee5258ad9357df2ae1755cc62a0a014
  md5: a6993977a14feee4268e7be3ad0977ab
  depends:
  - __glibc >=2.17,<3.0.a0
  - krb5 >=1.22.2,<1.23.0a0
  - libcurl 8.19.0 hcf29cc6_0
  - libgcc >=14
  - libssh2 >=1.11.1,<2.0a0
  - libzlib >=1.3.1,<2.0a0
  - openssl >=3.5.5,<4.0a0
  - zstd >=1.5.7,<1.6.0a0
  license: curl
  license_family: MIT
  size: 191335
  timestamp: 1773218536473
- conda: https://conda.anaconda.org/conda-forge/linux-64/git-2.53.0-pl5321h6d3cee1_0.conda
  sha256: 33b20cf09ff1c6ca960e6c5f7fad1f08ffd3112a87d79e42ed56f4e1b4cdefe3
  md5: ad8d4260a6dae5f55960b26b237d576b
  depends:
  - __glibc >=2.28,<3.0.a0
  - libcurl >=8.18.0,<9.0a0
  - libexpat >=2.7.3,<3.0a0
  - libgcc >=14
  - libiconv >=1.18,<2.0a0
  - libzlib >=1.3.1,<2.0a0
  - openssl >=3.5.5,<4.0a0
  - pcre2 >=10.47,<10.48.0a0
  - perl 5.*
  license: GPL-2.0-or-later and LGPL-2.1-or-later
  size: 11447951
  timestamp: 1770982660115
- conda: https://conda.anaconda.org/conda-forge/linux-64/gmp-6.3.0-hac33072_2.conda
  sha256: 309cf4f04fec0c31b6771a5809a1909b4b3154a2208f52351e1ada006f4c750c
  md5: c94a5994ef49749880a8139cf9afcbe1
  depends:
  - libgcc-ng >=12
  - libstdcxx-ng >=12
  license: GPL-2.0-or-later OR LGPL-3.0-or-later
  size: 460055
  timestamp: 1718980856608
- conda: https://conda.anaconda.org/conda-forge/linux-64/h5py-3.16.0-nompi_py314hddf7a69_102.conda
  sha256: 48e18f20bc1ff15433299dd77c20a4160eb29572eea799ae5a73632c6c3d7dfd
  md5: d93afa30018997705dd04513eeb5ac0f
  depends:
  - __glibc >=2.17,<3.0.a0
  - cached-property
  - hdf5 >=2.1.0,<3.0a0
  - libgcc >=14
  - numpy >=1.23,<3
  - python >=3.14,<3.15.0a0
  - python_abi 3.14.* *_cp314
  license: BSD-3-Clause
  license_family: BSD
  size: 1345557
  timestamp: 1775581268685
- conda: https://conda.anaconda.org/conda-forge/linux-64/hdf5-2.1.0-nompi_hd4fcb43_104.conda
  sha256: c6ff674a4a5a237fcf748fed8f64e79df54b42189986e705f35ba64dc6603235
  md5: 1d92558abd05cea0577f83a5eca38733
  depends:
  - __glibc >=2.17,<3.0.a0
  - aws-c-auth >=0.10.1,<0.10.2.0a0
  - aws-c-common >=0.12.6,<0.12.7.0a0
  - aws-c-http >=0.10.12,<0.10.13.0a0
  - aws-c-io >=0.26.3,<0.26.4.0a0
  - aws-c-s3 >=0.11.5,<0.11.6.0a0
  - aws-c-sdkutils >=0.2.4,<0.2.5.0a0
  - libaec >=1.1.5,<2.0a0
  - libcurl >=8.19.0,<9.0a0
  - libgcc >=14
  - libgfortran
  - libgfortran5 >=14.3.0
  - libstdcxx >=14
  - libzlib >=1.3.2,<2.0a0
  - openssl >=3.5.5,<4.0a0
  license: BSD-3-Clause
  license_family: BSD
  size: 4138489
  timestamp: 1775243967708
- conda: https://conda.anaconda.org/conda-forge/linux-64/icu-78.3-h33c6efd_0.conda
  sha256: fbf86c4a59c2ed05bbffb2ba25c7ed94f6185ec30ecb691615d42342baa1a16a
  md5: c80d8a3b84358cb967fa81e7075fbc8a
  depends:
  - __glibc >=2.17,<3.0.a0
  - libgcc >=14
  - libstdcxx >=14
  license: MIT
  license_family: MIT
  size: 12723451
  timestamp: 1773822285671
- conda: https://conda.anaconda.org/conda-forge/linux-64/julia-1.12.5-h1382a85_0.conda
  sha256: ded06776cde94dc13d1dbed605e94c5bd0ef222b66b30b35eb78118fbb5865a0
  md5: fc725f94f3b08b5ded97432d214ff58d
  depends:
  - __glibc >=2.17,<3.0.a0
  - arpack >=3.9.1,<3.10.0a0 nompi_*
  - curl
  - git
  - gmp >=6.3.0,<7.0a0
  - libamd >=3.3.3,<4.0a0
  - libbtf >=2.3.2,<3.0a0
  - libcamd >=3.3.3,<4.0a0
  - libccolamd >=3.3.4,<4.0a0
  - libcholmod >=5.3.1,<6.0a0
  - libcolamd >=3.3.4,<4.0a0
  - libcxsparse >=4.4.1,<5.0a0
  - libgcc >=14
  - libgfortran
  - libgfortran5 >=14.3.0
  - libgit2 >=1.9.2,<1.10.0a0
  - libklu >=2.3.5,<3.0a0
  - libldl >=3.3.2,<4.0a0
  - libnghttp2 >=1.67.0,<2.0a0
  - libopenlibm4 >=0.8.1,<1.0a0
  - libparu >=1.0.0,<2.0a0
  - librbio >=4.3.4,<5.0a0
  - libspex >=3.2.3,<4.0a0
  - libspqr >=4.3.4,<5.0a0
  - libssh2 >=1.11.1,<2.0a0
  - libstdcxx >=14
  - libsuitesparseconfig >=7.10.1,<8.0a0
  - libumfpack >=6.3.5,<7.0a0
  - libunwind >=1.6.2,<1.7.0a0
  - libutf8proc >=2.11.3,<2.12.0a0
  - libzlib >=1.3.1,<2.0a0
  - mpfr >=4.2.1,<5.0a0
  - openblas-ilp64
  - openlibm
  - p7zip
  - pcre2 >=10.47,<10.48.0a0
  - suitesparse >=7.10.1,<8.0a0
  - zlib
  license: MIT
  license_family: MIT
  size: 173235008
  timestamp: 1770960192979
- conda: https://conda.anaconda.org/conda-forge/linux-64/keyutils-1.6.3-hb9d3cd8_0.conda
  sha256: 0960d06048a7185d3542d850986d807c6e37ca2e644342dd0c72feefcf26c2a4
  md5: b38117a3c920364aff79f870c984b4a3
  depends:
  - __glibc >=2.17,<3.0.a0
  - libgcc >=13
  license: LGPL-2.1-or-later
  size: 134088
  timestamp: 1754905959823
- conda: https://conda.anaconda.org/conda-forge/linux-64/krb5-1.22.2-ha1258a1_0.conda
  sha256: 3e307628ca3527448dd1cb14ad7bb9d04d1d28c7d4c5f97ba196ae984571dd25
  md5: fb53fb07ce46a575c5d004bbc96032c2
  depends:
  - __glibc >=2.17,<3.0.a0
  - keyutils >=1.6.3,<2.0a0
  - libedit >=3.1.20250104,<3.2.0a0
  - libedit >=3.1.20250104,<4.0a0
  - libgcc >=14
  - libstdcxx >=14
  - openssl >=3.5.5,<4.0a0
  license: MIT
  license_family: MIT
  size: 1386730
  timestamp: 1769769569681
- conda: https://conda.anaconda.org/conda-forge/linux-64/ld_impl_linux-64-2.45.1-default_hbd61a6d_102.conda
  sha256: 3d584956604909ff5df353767f3a2a2f60e07d070b328d109f30ac40cd62df6c
  md5: 18335a698559cdbcd86150a48bf54ba6
  depends:
  - __glibc >=2.17,<3.0.a0
  - zstd >=1.5.7,<1.6.0a0
  constrains:
  - binutils_impl_linux-64 2.45.1
  license: GPL-3.0-only
  license_family: GPL
  size: 728002
  timestamp: 1774197446916
- conda: https://conda.anaconda.org/conda-forge/linux-64/libaec-1.1.5-h088129d_0.conda
  sha256: 822e4ae421a7e9c04e841323526321185f6659222325e1a9aedec811c686e688
  md5: 86f7414544ae606282352fa1e116b41f
  depends:
  - __glibc >=2.17,<3.0.a0
  - libgcc >=14
  - libstdcxx >=14
  license: BSD-2-Clause
  license_family: BSD
  size: 36544
  timestamp: 1769221884824
- conda: https://conda.anaconda.org/conda-forge/linux-64/libamd-3.3.3-h456b2da_7100101.conda
  sha256: 5fc32a5497c9919ffde729a604b0acfa97c403ce5b2b27b28ca261cf0c4643aa
  md5: a067596d679bcde85375143e7c374738
  depends:
  - __glibc >=2.17,<3.0.a0
  - libgfortran5 >=13.3.0
  - libgfortran
  - libgcc >=13
  - libsuitesparseconfig >=7.10.1,<8.0a0
  license: BSD-3-Clause
  license_family: BSD
  size: 48250
  timestamp: 1741963824815
- conda: https://conda.anaconda.org/conda-forge/linux-64/libblas-3.11.0-6_h4a7cf45_openblas.conda
  build_number: 6
  sha256: 7bfe936dbb5db04820cf300a9cc1f5ee8d5302fc896c2d66e30f1ee2f20fbfd6
  md5: 6d6d225559bfa6e2f3c90ee9c03d4e2e
  depends:
  - libopenblas >=0.3.32,<0.3.33.0a0
  - libopenblas >=0.3.32,<1.0a0
  constrains:
  - blas 2.306   openblas
  - liblapack  3.11.0   6*_openblas
  - liblapacke 3.11.0   6*_openblas
  - libcblas   3.11.0   6*_openblas
  - mkl <2026
  license: BSD-3-Clause
  license_family: BSD
  size: 18621
  timestamp: 1774503034895
- conda: https://conda.anaconda.org/conda-forge/linux-64/libbtf-2.3.2-hf02c80a_7100101.conda
  sha256: fe36f414f48ab87251f02aeef1fcbb6f3929322316842dada0f8142db2710264
  md5: 6f4aec52002defbdf3e24eb79e56a209
  depends:
  - libgcc >=13
  - __glibc >=2.17,<3.0.a0
  - libsuitesparseconfig >=7.10.1,<8.0a0
  license: LGPL-2.1-or-later
  size: 26913
  timestamp: 1741963824815
- conda: https://conda.anaconda.org/conda-forge/linux-64/libcamd-3.3.3-hf02c80a_7100101.conda
  sha256: 16e9ae4e173a8606b0b8be118dbdcf4e03c9dd9777eea6bf9dff4397133d0d06
  md5: 1c9d1532caadece8adc2d14c6d4fc726
  depends:
  - libgcc >=13
  - __glibc >=2.17,<3.0.a0
  - libsuitesparseconfig >=7.10.1,<8.0a0
  license: BSD-3-Clause
  license_family: BSD
  size: 44119
  timestamp: 1741963824815
- conda: https://conda.anaconda.org/conda-forge/linux-64/libcblas-3.11.0-6_h0358290_openblas.conda
  build_number: 6
  sha256: 57edafa7796f6fa3ebbd5367692dd4c7f552be42109c2dd1a7c89b55089bf374
  md5: 36ae340a916635b97ac8a0655ace2a35
  depends:
  - libblas 3.11.0 6_h4a7cf45_openblas
  constrains:
  - blas 2.306   openblas
  - liblapack  3.11.0   6*_openblas
  - liblapacke 3.11.0   6*_openblas
  license: BSD-3-Clause
  license_family: BSD
  size: 18622
  timestamp: 1774503050205
- conda: https://conda.anaconda.org/conda-forge/linux-64/libccolamd-3.3.4-hf02c80a_7100101.conda
  sha256: cc90aa5e0ad1f7ae9a29d9a42aacd7f7f02aba0bf5467513bfda7e6b18a4cbc8
  md5: e5107e02dc4c2f9f41eef72d72c23517
  depends:
  - libgcc >=13
  - __glibc >=2.17,<3.0.a0
  - libsuitesparseconfig >=7.10.1,<8.0a0
  license: BSD-3-Clause
  license_family: BSD
  size: 41578
  timestamp: 1741963824815
- conda: https://conda.anaconda.org/conda-forge/linux-64/libcholmod-5.3.1-h9cf07ce_7100101.conda
  sha256: 69540315b4b8de93b383243334151ed19e98968baaa59440ba645a3bff68d765
  md5: f51e24ce110ae24c92074736a308e47e
  depends:
  - libgcc >=13
  - libstdcxx >=13
  - libgcc >=13
  - __glibc >=2.17,<3.0.a0
  - _openmp_mutex >=4.5
  - liblapack >=3.9.0,<4.0a0
  - libcolamd >=3.3.4,<4.0a0
  - libamd >=3.3.3,<4.0a0
  - libsuitesparseconfig >=7.10.1,<8.0a0
  - libccolamd >=3.3.4,<4.0a0
  - libblas >=3.9.0,<4.0a0
  - libcamd >=3.3.3,<4.0a0
  license: LGPL-2.1-or-later AND GPL-2.0-or-later AND Apache-2.0
  size: 990886
  timestamp: 1741963824815
- conda: https://conda.anaconda.org/conda-forge/linux-64/libcolamd-3.3.4-hf02c80a_7100101.conda
  sha256: 00d1b976b914f0c20ae6f81f4e4713fa87717542eba8757b9a3c9e8abcc29858
  md5: 56d4c5542887e8955f21f8546ad75d9d
  depends:
  - libgcc >=13
  - __glibc >=2.17,<3.0.a0
  - libsuitesparseconfig >=7.10.1,<8.0a0
  license: BSD-3-Clause
  license_family: BSD
  size: 33160
  timestamp: 1741963824815
- conda: https://conda.anaconda.org/conda-forge/linux-64/libcurl-8.19.0-hcf29cc6_0.conda
  sha256: a0390fd0536ebcd2244e243f5f00ab8e76ab62ed9aa214cd54470fe7496620f4
  md5: d50608c443a30c341c24277d28290f76
  depends:
  - __glibc >=2.17,<3.0.a0
  - krb5 >=1.22.2,<1.23.0a0
  - libgcc >=14
  - libnghttp2 >=1.67.0,<2.0a0
  - libssh2 >=1.11.1,<2.0a0
  - libzlib >=1.3.1,<2.0a0
  - openssl >=3.5.5,<4.0a0
  - zstd >=1.5.7,<1.6.0a0
  license: curl
  license_family: MIT
  size: 466704
  timestamp: 1773218522665
- conda: https://conda.anaconda.org/conda-forge/linux-64/libcxsparse-4.4.1-hf02c80a_7100101.conda
  sha256: ab40fc8a4662f550d053576a56db896247bc81eb291eff3811f24c231829e3dd
  md5: 917931d508582ef891bbac172294d9fb
  depends:
  - __glibc >=2.17,<3.0.a0
  - libgcc >=13
  - _openmp_mutex >=4.5
  - libsuitesparseconfig >=7.10.1,<8.0a0
  license: LGPL-2.1-or-later
  size: 113979
  timestamp: 1741963824815
- conda: https://conda.anaconda.org/conda-forge/linux-64/libedit-3.1.20250104-pl5321h7949ede_0.conda
  sha256: d789471216e7aba3c184cd054ed61ce3f6dac6f87a50ec69291b9297f8c18724
  md5: c277e0a4d549b03ac1e9d6cbbe3d017b
  depends:
  - ncurses
  - __glibc >=2.17,<3.0.a0
  - libgcc >=13
  - ncurses >=6.5,<7.0a0
  license: BSD-2-Clause
  license_family: BSD
  size: 134676
  timestamp: 1738479519902
- conda: https://conda.anaconda.org/conda-forge/linux-64/libev-4.33-hd590300_2.conda
  sha256: 1cd6048169fa0395af74ed5d8f1716e22c19a81a8a36f934c110ca3ad4dd27b4
  md5: 172bf1cd1ff8629f2b1179945ed45055
  depends:
  - libgcc-ng >=12
  license: BSD-2-Clause
  license_family: BSD
  size: 112766
  timestamp: 1702146165126
- conda: https://conda.anaconda.org/conda-forge/linux-64/libexpat-2.7.5-hecca717_0.conda
  sha256: e8c2b57f6aacabdf2f1b0924bd4831ce5071ba080baa4a9e8c0d720588b6794c
  md5: 49f570f3bc4c874a06ea69b7225753af
  depends:
  - __glibc >=2.17,<3.0.a0
  - libgcc >=14
  constrains:
  - expat 2.7.5.*
  license: MIT
  license_family: MIT
  size: 76624
  timestamp: 1774719175983
- conda: https://conda.anaconda.org/conda-forge/linux-64/libffi-3.5.2-h3435931_0.conda
  sha256: 31f19b6a88ce40ebc0d5a992c131f57d919f73c0b92cd1617a5bec83f6e961e6
  md5: a360c33a5abe61c07959e449fa1453eb
  depends:
  - __glibc >=2.17,<3.0.a0
  - libgcc >=14
  license: MIT
  license_family: MIT
  size: 58592
  timestamp: 1769456073053
- conda: https://conda.anaconda.org/conda-forge/linux-64/libgcc-15.2.0-he0feb66_18.conda
  sha256: faf7d2017b4d718951e3a59d081eb09759152f93038479b768e3d612688f83f5
  md5: 0aa00f03f9e39fb9876085dee11a85d4
  depends:
  - __glibc >=2.17,<3.0.a0
  - _openmp_mutex >=4.5
  constrains:
  - libgcc-ng ==15.2.0=*_18
  - libgomp 15.2.0 he0feb66_18
  license: GPL-3.0-only WITH GCC-exception-3.1
  license_family: GPL
  size: 1041788
  timestamp: 1771378212382
- conda: https://conda.anaconda.org/conda-forge/linux-64/libgcc-ng-15.2.0-h69a702a_18.conda
  sha256: e318a711400f536c81123e753d4c797a821021fb38970cebfb3f454126016893
  md5: d5e96b1ed75ca01906b3d2469b4ce493
  depends:
  - libgcc 15.2.0 he0feb66_18
  license: GPL-3.0-only WITH GCC-exception-3.1
  license_family: GPL
  size: 27526
  timestamp: 1771378224552
- conda: https://conda.anaconda.org/conda-forge/linux-64/libgfortran-15.2.0-h69a702a_18.conda
  sha256: d2c9fad338fd85e4487424865da8e74006ab2e2475bd788f624d7a39b2a72aee
  md5: 9063115da5bc35fdc3e1002e69b9ef6e
  depends:
  - libgfortran5 15.2.0 h68bc16d_18
  constrains:
  - libgfortran-ng ==15.2.0=*_18
  license: GPL-3.0-only WITH GCC-exception-3.1
  license_family: GPL
  size: 27523
  timestamp: 1771378269450
- conda: https://conda.anaconda.org/conda-forge/linux-64/libgfortran5-15.2.0-h68bc16d_18.conda
  sha256: 539b57cf50ec85509a94ba9949b7e30717839e4d694bc94f30d41c9d34de2d12
  md5: 646855f357199a12f02a87382d429b75
  depends:
  - __glibc >=2.17,<3.0.a0
  - libgcc >=15.2.0
  constrains:
  - libgfortran 15.2.0
  license: GPL-3.0-only WITH GCC-exception-3.1
  license_family: GPL
  size: 2482475
  timestamp: 1771378241063
- conda: https://conda.anaconda.org/conda-forge/linux-64/libgit2-1.9.2-hc20babb_0.conda
  sha256: 80d81a3d15c10f1fad867dfc9132e61d67c688af6adfd7ed76a139a25bfdfd53
  md5: 81da8986dad4d7fc47aec424098a8a54
  depends:
  - libstdcxx >=14
  - libgcc >=14
  - __glibc >=2.17,<3.0.a0
  - openssl >=3.5.4,<4.0a0
  - libssh2 >=1.11.1,<2.0a0
  - pcre2 >=10.47,<10.48.0a0
  - libzlib >=1.3.1,<2.0a0
  license: GPL-2.0-only WITH GCC-exception-2.0
  license_family: GPL
  size: 1035709
  timestamp: 1765030773589
- conda: https://conda.anaconda.org/conda-forge/linux-64/libgomp-15.2.0-he0feb66_18.conda
  sha256: 21337ab58e5e0649d869ab168d4e609b033509de22521de1bfed0c031bfc5110
  md5: 239c5e9546c38a1e884d69effcf4c882
  depends:
  - __glibc >=2.17,<3.0.a0
  license: GPL-3.0-only WITH GCC-exception-3.1
  license_family: GPL
  size: 603262
  timestamp: 1771378117851
- conda: https://conda.anaconda.org/conda-forge/linux-64/libiconv-1.18-h3b78370_2.conda
  sha256: c467851a7312765447155e071752d7bf9bf44d610a5687e32706f480aad2833f
  md5: 915f5995e94f60e9a4826e0b0920ee88
  depends:
  - __glibc >=2.17,<3.0.a0
  - libgcc >=14
  license: LGPL-2.1-only
  size: 790176
  timestamp: 1754908768807
- conda: https://conda.anaconda.org/conda-forge/linux-64/libklu-2.3.5-h95ff59c_7100101.conda
  sha256: 6b4d462642c240dc3671af74f7705b23f34eea0f71e0d9dbcf14b4ed008311ff
  md5: efaa5e7dc6989363585fbb591480b256
  depends:
  - libgcc >=13
  - __glibc >=2.17,<3.0.a0
  - _openmp_mutex >=4.5
  - metis >=5.1.0,<5.1.1.0a0
  - libcamd >=3.3.3,<4.0a0
  - liblapack >=3.9.0,<4.0a0
  - libcblas >=3.9.0,<4.0a0
  - libsuitesparseconfig >=7.10.1,<8.0a0
  - libcolamd >=3.3.4,<4.0a0
  - libamd >=3.3.3,<4.0a0
  - libcholmod >=5.3.1,<6.0a0
  - libblas >=3.9.0,<4.0a0
  - libbtf >=2.3.2,<3.0a0
  - libccolamd >=3.3.4,<4.0a0
  license: LGPL-2.1-or-later
  size: 131775
  timestamp: 1741963824816
- conda: https://conda.anaconda.org/conda-forge/linux-64/liblapack-3.11.0-6_h47877c9_openblas.conda
  build_number: 6
  sha256: 371f517eb7010b21c6cc882c7606daccebb943307cb9a3bf2c70456a5c024f7d
  md5: 881d801569b201c2e753f03c84b85e15
  depends:
  - libblas 3.11.0 6_h4a7cf45_openblas
  constrains:
  - blas 2.306   openblas
  - liblapacke 3.11.0   6*_openblas
  - libcblas   3.11.0   6*_openblas
  license: BSD-3-Clause
  license_family: BSD
  size: 18624
  timestamp: 1774503065378
- conda: https://conda.anaconda.org/conda-forge/linux-64/libldl-3.3.2-hf02c80a_7100101.conda
  sha256: 590232cd302047023ab31b80458833a71b10aeabee7474304dc65db322b5cd70
  md5: 19b71122fea7f6b1c4815f385b2da419
  depends:
  - __glibc >=2.17,<3.0.a0
  - libgcc >=13
  - libsuitesparseconfig >=7.10.1,<8.0a0
  license: LGPL-2.1-or-later
  size: 23391
  timestamp: 1741963824815
- conda: https://conda.anaconda.org/conda-forge/linux-64/liblzma-5.8.3-hb03c661_0.conda
  sha256: ec30e52a3c1bf7d0425380a189d209a52baa03f22fb66dd3eb587acaa765bd6d
  md5: b88d90cad08e6bc8ad540cb310a761fb
  depends:
  - __glibc >=2.17,<3.0.a0
  - libgcc >=14
  constrains:
  - xz 5.8.3.*
  license: 0BSD
  size: 113478
  timestamp: 1775825492909
- conda: https://conda.anaconda.org/conda-forge/linux-64/libmpdec-4.0.0-hb03c661_1.conda
  sha256: fe171ed5cf5959993d43ff72de7596e8ac2853e9021dec0344e583734f1e0843
  md5: 2c21e66f50753a083cbe6b80f38268fa
  depends:
  - __glibc >=2.17,<3.0.a0
  - libgcc >=14
  license: BSD-2-Clause
  license_family: BSD
  size: 92400
  timestamp: 1769482286018
- conda: https://conda.anaconda.org/conda-forge/linux-64/libnghttp2-1.68.1-h877daf1_0.conda
  sha256: 663444d77a42f2265f54fb8b48c5450bfff4388d9c0f8253dd7855f0d993153f
  md5: 2a45e7f8af083626f009645a6481f12d
  depends:
  - __glibc >=2.17,<3.0.a0
  - c-ares >=1.34.6,<2.0a0
  - libev >=4.33,<4.34.0a0
  - libev >=4.33,<5.0a0
  - libgcc >=14
  - libstdcxx >=14
  - libzlib >=1.3.1,<2.0a0
  - openssl >=3.5.5,<4.0a0
  license: MIT
  license_family: MIT
  size: 663344
  timestamp: 1773854035739
- conda: https://conda.anaconda.org/conda-forge/linux-64/libopenblas-0.3.32-pthreads_h94d23a6_0.conda
  sha256: 6dc30b28f32737a1c52dada10c8f3a41bc9e021854215efca04a7f00487d09d9
  md5: 89d61bc91d3f39fda0ca10fcd3c68594
  depends:
  - __glibc >=2.17,<3.0.a0
  - libgcc >=14
  - libgfortran
  - libgfortran5 >=14.3.0
  constrains:
  - openblas >=0.3.32,<0.3.33.0a0
  license: BSD-3-Clause
  license_family: BSD
  size: 5928890
  timestamp: 1774471724897
- conda: https://conda.anaconda.org/conda-forge/linux-64/libopenblas-ilp64-0.3.33-pthreads_h3e26593_0.conda
  sha256: 395d5a14ad7dd2a5ebe6645921384e1ef3537827c1b607ca344ea4e7be5f7f1e
  md5: 698bd1f84fcf7a0693a8508b64acd205
  depends:
  - __glibc >=2.17,<3.0.a0
  - libgcc >=14
  - libgfortran
  - libgfortran5 >=14.3.0
  constrains:
  - openblas-ilp64 >=0.3.33,<0.3.34.0a0
  license: BSD-3-Clause
  license_family: BSD
  size: 5812182
  timestamp: 1776993684925
- conda: https://conda.anaconda.org/conda-forge/linux-64/libopenlibm4-0.8.1-hd590300_1.conda
  sha256: d176e3b79e723a4102861c06cdc13d60b08210233c42edd6e49e770aece03b3b
  md5: e6af610e01d04927a5060c95ce4e0875
  depends:
  - libgcc-ng >=12
  license: MIT AND ISC AND BSD-2-Clause
  size: 104768
  timestamp: 1698855372633
- conda: https://conda.anaconda.org/conda-forge/linux-64/libparu-1.0.0-hc6afc67_7100101.conda
  sha256: 50144e87b95d1309d2043aa5bf02035b948b1ae9ec6ec44ee97b7aec1cccd70a
  md5: fd1d3e26c1b12c70f7449369ae3d9c1a
  depends:
  - libgcc >=13
  - libstdcxx >=13
  - libgcc >=13
  - __glibc >=2.17,<3.0.a0
  - _openmp_mutex >=4.5
  - libsuitesparseconfig >=7.10.1,<8.0a0
  - libblas >=3.9.0,<4.0a0
  - libumfpack >=6.3.5,<7.0a0
  license: GPL-3.0-or-later
  license_family: GPL
  size: 89738
  timestamp: 1741963824815
- conda: https://conda.anaconda.org/conda-forge/linux-64/librbio-4.3.4-hf02c80a_7100101.conda
  sha256: c502b4203cc0d38f49005994b5c80c89660bcd40ff170c529cda90827ec6b1f4
  md5: 4b3a3d711d1c1f76f7f440e51458f512
  depends:
  - __glibc >=2.17,<3.0.a0
  - libgcc >=13
  - libsuitesparseconfig >=7.10.1,<8.0a0
  license: GPL-2.0-or-later
  license_family: GPL
  size: 46633
  timestamp: 1741963824815
- conda: https://conda.anaconda.org/conda-forge/linux-64/libspex-3.2.3-h9226d62_7100101.conda
  sha256: 24dffff614943c547ba094f8eb03b412a18cc4654663202f1aab9158bfa875ba
  md5: 63323b258079a75133ccecbb0902614d
  depends:
  - libgcc >=13
  - __glibc >=2.17,<3.0.a0
  - _openmp_mutex >=4.5
  - libamd >=3.3.3,<4.0a0
  - libcolamd >=3.3.4,<4.0a0
  - libsuitesparseconfig >=7.10.1,<8.0a0
  - gmp >=6.3.0,<7.0a0
  - mpfr >=4.2.1,<5.0a0
  license: LGPL-2.0-or-later
  license_family: LGPL
  size: 79220
  timestamp: 1741963824815
- conda: https://conda.anaconda.org/conda-forge/linux-64/libspqr-4.3.4-h23b7119_7100101.conda
  sha256: 52851575496122f9088c9f5a4283da7fbb277d9a877b5ce60a939554df542f3c
  md5: c1ee33a71065c1f0efd9c8174d5f18b0
  depends:
  - libgcc >=13
  - libstdcxx >=13
  - libgcc >=13
  - __glibc >=2.17,<3.0.a0
  - libcholmod >=5.3.1,<6.0a0
  - libblas >=3.9.0,<4.0a0
  - liblapack >=3.9.0,<4.0a0
  - libsuitesparseconfig >=7.10.1,<8.0a0
  license: GPL-2.0-or-later
  license_family: GPL
  size: 203419
  timestamp: 1741963824816
- conda: https://conda.anaconda.org/conda-forge/linux-64/libsqlite-3.53.0-hf4e2dac_0.conda
  sha256: ec37c79f737933bbac965f5dc0f08ef2790247129a84bb3114fad4900adce401
  md5: 810d83373448da85c3f673fbcb7ad3a3
  depends:
  - __glibc >=2.17,<3.0.a0
  - icu >=78.3,<79.0a0
  - libgcc >=14
  - libzlib >=1.3.2,<2.0a0
  license: blessing
  size: 958864
  timestamp: 1775753750179
- conda: https://conda.anaconda.org/conda-forge/linux-64/libssh2-1.11.1-hcf80075_0.conda
  sha256: fa39bfd69228a13e553bd24601332b7cfeb30ca11a3ca50bb028108fe90a7661
  md5: eecce068c7e4eddeb169591baac20ac4
  depends:
  - __glibc >=2.17,<3.0.a0
  - libgcc >=13
  - libzlib >=1.3.1,<2.0a0
  - openssl >=3.5.0,<4.0a0
  license: BSD-3-Clause
  license_family: BSD
  size: 304790
  timestamp: 1745608545575
- conda: https://conda.anaconda.org/conda-forge/linux-64/libstdcxx-15.2.0-h934c35e_18.conda
  sha256: 78668020064fdaa27e9ab65cd2997e2c837b564ab26ce3bf0e58a2ce1a525c6e
  md5: 1b08cd684f34175e4514474793d44bcb
  depends:
  - __glibc >=2.17,<3.0.a0
  - libgcc 15.2.0 he0feb66_18
  constrains:
  - libstdcxx-ng ==15.2.0=*_18
  license: GPL-3.0-only WITH GCC-exception-3.1
  license_family: GPL
  size: 5852330
  timestamp: 1771378262446
- conda: https://conda.anaconda.org/conda-forge/linux-64/libstdcxx-ng-15.2.0-hdf11a46_18.conda
  sha256: 3c902ffd673cb3c6ddde624cdb80f870b6c835f8bf28384b0016e7d444dd0145
  md5: 6235adb93d064ecdf3d44faee6f468de
  depends:
  - libstdcxx 15.2.0 h934c35e_18
  license: GPL-3.0-only WITH GCC-exception-3.1
  license_family: GPL
  size: 27575
  timestamp: 1771378314494
- conda: https://conda.anaconda.org/conda-forge/linux-64/libsuitesparseconfig-7.10.1-h901830b_7100101.conda
  sha256: d8f32a0b0ee17fbace7af4bd34ad554cc855b9c18e0aeccf8395e1478c161f37
  md5: 57ae1dd979da7aa88a9b38bfa2e1d6b2
  depends:
  - libgcc >=13
  - __glibc >=2.17,<3.0.a0
  - libgfortran5 >=13.3.0
  - libgfortran
  - libgcc >=13
  - _openmp_mutex >=4.5
  license: BSD-3-Clause
  license_family: BSD
  size: 42708
  timestamp: 1741963824815
- conda: https://conda.anaconda.org/conda-forge/linux-64/libumfpack-6.3.5-h873dde6_7100101.conda
  sha256: 9a2c0049210c0223084c29b39404ad6da6538e7a4d1ed74ee8423212998fd686
  md5: 9626fc7667bc6c901c7a0a4004938c71
  depends:
  - __glibc >=2.17,<3.0.a0
  - libgcc >=13
  - libsuitesparseconfig >=7.10.1,<8.0a0
  - libcholmod >=5.3.1,<6.0a0
  - libblas >=3.9.0,<4.0a0
  - libamd >=3.3.3,<4.0a0
  license: GPL-2.0-or-later
  license_family: GPL
  size: 404065
  timestamp: 1741963824815
- conda: https://conda.anaconda.org/conda-forge/linux-64/libunwind-1.6.2-h9c3ff4c_0.tar.bz2
  sha256: f2ac872920833960e514ce9efd8f7c08ce66dd870738d73839d1bce1ac497de6
  md5: a730b2badd586580c5752cc73842e068
  depends:
  - libgcc-ng >=9.4.0
  - libstdcxx-ng >=9.4.0
  license: MIT
  license_family: MIT
  size: 75491
  timestamp: 1638450786937
- conda: https://conda.anaconda.org/conda-forge/linux-64/libutf8proc-2.11.3-hfe17d71_0.conda
  sha256: ecbf4b7520296ed580498dc66a72508b8a79da5126e1d6dc650a7087171288f9
  md5: 1247168fe4a0b8912e3336bccdbf98a5
  depends:
  - __glibc >=2.17,<3.0.a0
  - libgcc >=14
  license: MIT
  license_family: MIT
  size: 85969
  timestamp: 1768735071295
- conda: https://conda.anaconda.org/conda-forge/linux-64/libuuid-2.42-h5347b49_0.conda
  sha256: bc1b08c92626c91500fd9f26f2c797f3eb153b627d53e9c13cd167f1e12b2829
  md5: 38ffe67b78c9d4de527be8315e5ada2c
  depends:
  - __glibc >=2.17,<3.0.a0
  - libgcc >=14
  license: BSD-3-Clause
  license_family: BSD
  size: 40297
  timestamp: 1775052476770
- conda: https://conda.anaconda.org/conda-forge/linux-64/libxcrypt-4.4.36-hd590300_1.conda
  sha256: 6ae68e0b86423ef188196fff6207ed0c8195dd84273cb5623b85aa08033a410c
  md5: 5aa797f8787fe7a17d1b0821485b5adc
  depends:
  - libgcc-ng >=12
  license: LGPL-2.1-or-later
  size: 100393
  timestamp: 1702724383534
- conda: https://conda.anaconda.org/conda-forge/linux-64/libzlib-1.3.2-h25fd6f3_2.conda
  sha256: 55044c403570f0dc26e6364de4dc5368e5f3fc7ff103e867c487e2b5ab2bcda9
  md5: d87ff7921124eccd67248aa483c23fec
  depends:
  - __glibc >=2.17,<3.0.a0
  constrains:
  - zlib 1.3.2 *_2
  license: Zlib
  license_family: Other
  size: 63629
  timestamp: 1774072609062
- conda: https://conda.anaconda.org/conda-forge/linux-64/metis-5.1.0-hd0bcaf9_1007.conda
  sha256: e8a00971e6d00bd49f375c5d8d005b37a9abba0b1768533aed0f90a422bf5cc7
  md5: 28eb714416de4eb83e2cbc47e99a1b45
  depends:
  - __glibc >=2.17,<3.0.a0
  - libgcc >=13
  - libstdcxx >=13
  license: Apache-2.0
  license_family: APACHE
  size: 3923560
  timestamp: 1728064567817
- conda: https://conda.anaconda.org/conda-forge/linux-64/mpfr-4.2.2-he0a73b1_0.conda
  sha256: 8690f550a780f75d9c47f7ffc15f5ff1c149d36ac17208e50eda101ca16611b9
  md5: 85ce2ffa51ab21da5efa4a9edc5946aa
  depends:
  - __glibc >=2.17,<3.0.a0
  - gmp >=6.3.0,<7.0a0
  - libgcc >=14
  license: LGPL-3.0-only
  license_family: LGPL
  size: 730422
  timestamp: 1773413915171
- conda: https://conda.anaconda.org/conda-forge/linux-64/ncurses-6.5-h2d0b736_3.conda
  sha256: 3fde293232fa3fca98635e1167de6b7c7fda83caf24b9d6c91ec9eefb4f4d586
  md5: 47e340acb35de30501a76c7c799c41d7
  depends:
  - __glibc >=2.17,<3.0.a0
  - libgcc >=13
  license: X11 AND BSD-3-Clause
  size: 891641
  timestamp: 1738195959188
- conda: https://conda.anaconda.org/conda-forge/linux-64/numpy-2.4.3-py314h2b28147_0.conda
  sha256: f2ba8cb0d86a6461a6bcf0d315c80c7076083f72c6733c9290086640723f79ec
  md5: 36f5b7eb328bdc204954a2225cf908e2
  depends:
  - python
  - libstdcxx >=14
  - libgcc >=14
  - __glibc >=2.17,<3.0.a0
  - python_abi 3.14.* *_cp314
  - libcblas >=3.9.0,<4.0a0
  - liblapack >=3.9.0,<4.0a0
  - libblas >=3.9.0,<4.0a0
  constrains:
  - numpy-base <0a0
  license: BSD-3-Clause
  license_family: BSD
  size: 8927860
  timestamp: 1773839233468
- conda: https://conda.anaconda.org/conda-forge/linux-64/openblas-ilp64-0.3.33-pthreads_h3d04fff_0.conda
  sha256: d0f47c37cbba46129494ed1cc2cdb34895af6a608e1f86de53b773aa0ae85dba
  md5: 65efc5c393a10e1662406c067174e290
  depends:
  - libopenblas-ilp64 0.3.33 pthreads_h3e26593_0
  license: BSD-3-Clause
  license_family: BSD
  size: 5937054
  timestamp: 1776993695192
- conda: https://conda.anaconda.org/conda-forge/linux-64/openlibm-0.8.1-hd590300_1.conda
  sha256: 689a90096c3fdd76bd3620bd17a8de2924cf9e1ebe7c0d2d52c6f06eda2ad235
  md5: 6eba22eb06d69e53d0ca01eef42bc675
  depends:
  - libgcc-ng >=12
  - libopenlibm4 0.8.1 hd590300_1
  license: MIT AND ISC AND BSD-2-Clause
  size: 29204
  timestamp: 1698855384579
- conda: https://conda.anaconda.org/conda-forge/linux-64/openssl-3.6.2-h35e630c_0.conda
  sha256: c0ef482280e38c71a08ad6d71448194b719630345b0c9c60744a2010e8a8e0cb
  md5: da1b85b6a87e141f5140bb9924cecab0
  depends:
  - __glibc >=2.17,<3.0.a0
  - ca-certificates
  - libgcc >=14
  license: Apache-2.0
  license_family: Apache
  size: 3167099
  timestamp: 1775587756857
- conda: https://conda.anaconda.org/conda-forge/linux-64/p7zip-16.02-h9c3ff4c_1001.tar.bz2
  sha256: 01aecc8f648ed0825ecf4c384c2f4759146ef8f2815348efddebf42ec769419c
  md5: 941066943c0cac69d5aa52189451aa5f
  depends:
  - libgcc-ng >=9.4.0
  - libstdcxx-ng >=9.4.0
  license: LGPL-2.0-or-later
  license_family: LGPL
  size: 2304688
  timestamp: 1650994775055
- conda: https://conda.anaconda.org/conda-forge/linux-64/pcre2-10.47-haa7fec5_0.conda
  sha256: 5e6f7d161356fefd981948bea5139c5aa0436767751a6930cb1ca801ebb113ff
  md5: 7a3bff861a6583f1889021facefc08b1
  depends:
  - __glibc >=2.17,<3.0.a0
  - bzip2 >=1.0.8,<2.0a0
  - libgcc >=14
  - libzlib >=1.3.1,<2.0a0
  license: BSD-3-Clause
  license_family: BSD
  size: 1222481
  timestamp: 1763655398280
- conda: https://conda.anaconda.org/conda-forge/linux-64/perl-5.32.1-7_hd590300_perl5.conda
  build_number: 7
  sha256: 9ec32b6936b0e37bcb0ed34f22ec3116e75b3c0964f9f50ecea5f58734ed6ce9
  md5: f2cfec9406850991f4e3d960cc9e3321
  depends:
  - libgcc-ng >=12
  - libxcrypt >=4.4.36
  license: GPL-1.0-or-later OR Artistic-1.0-Perl
  size: 13344463
  timestamp: 1703310653947
- conda: https://conda.anaconda.org/conda-forge/linux-64/python-3.14.4-habeac84_100_cp314.conda
  build_number: 100
  sha256: dec247c5badc811baa34d6085df9d0465535883cf745e22e8d79092ad54a3a7b
  md5: a443f87920815d41bfe611296e507995
  depends:
  - __glibc >=2.17,<3.0.a0
  - bzip2 >=1.0.8,<2.0a0
  - ld_impl_linux-64 >=2.36.1
  - libexpat >=2.7.5,<3.0a0
  - libffi >=3.5.2,<3.6.0a0
  - libgcc >=14
  - liblzma >=5.8.2,<6.0a0
  - libmpdec >=4.0.0,<5.0a0
  - libsqlite >=3.52.0,<4.0a0
  - libuuid >=2.42,<3.0a0
  - libzlib >=1.3.2,<2.0a0
  - ncurses >=6.5,<7.0a0
  - openssl >=3.5.6,<4.0a0
  - python_abi 3.14.* *_cp314
  - readline >=8.3,<9.0a0
  - tk >=8.6.13,<8.7.0a0
  - tzdata
  - zstd >=1.5.7,<1.6.0a0
  license: Python-2.0
  size: 36705460
  timestamp: 1775614357822
  python_site_packages_path: lib/python3.14/site-packages
- conda: https://conda.anaconda.org/conda-forge/noarch/python_abi-3.14-8_cp314.conda
  build_number: 8
  sha256: ad6d2e9ac39751cc0529dd1566a26751a0bf2542adb0c232533d32e176e21db5
  md5: 0539938c55b6b1a59b560e843ad864a4
  constrains:
  - python 3.14.* *_cp314
  license: BSD-3-Clause
  license_family: BSD
  size: 6989
  timestamp: 1752805904792
- conda: https://conda.anaconda.org/conda-forge/linux-64/readline-8.3-h853b02a_0.conda
  sha256: 12ffde5a6f958e285aa22c191ca01bbd3d6e710aa852e00618fa6ddc59149002
  md5: d7d95fc8287ea7bf33e0e7116d2b95ec
  depends:
  - __glibc >=2.17,<3.0.a0
  - libgcc >=14
  - ncurses >=6.5,<7.0a0
  license: GPL-3.0-only
  license_family: GPL
  size: 345073
  timestamp: 1765813471974
- conda: https://conda.anaconda.org/conda-forge/linux-64/s2n-1.7.1-h1cbb8d7_1.conda
  sha256: dbbe4ab36b90427f12d69fc14a8b601b6bca4185c6c4dd67b8046a8da9daec03
  md5: 9d978822b57bafe72ebd3f8b527bba71
  depends:
  - __glibc >=2.17,<3.0.a0
  - libgcc >=14
  - openssl >=3.5.5,<4.0a0
  license: Apache-2.0
  license_family: Apache
  size: 395083
  timestamp: 1773251675551
- conda: https://conda.anaconda.org/conda-forge/linux-64/suitesparse-7.10.1-h5b2951e_7100101.conda
  sha256: 7c1c5bd2ba8385202ac3cb4c9c7f9bb87a2e677e977afd72c910314c014b28be
  md5: e927e0f248a498050443dab8bb1203a9
  depends:
  - libsuitesparseconfig ==7.10.1 h901830b_7100101
  - libamd ==3.3.3 h456b2da_7100101
  - libbtf ==2.3.2 hf02c80a_7100101
  - libcamd ==3.3.3 hf02c80a_7100101
  - libccolamd ==3.3.4 hf02c80a_7100101
  - libcolamd ==3.3.4 hf02c80a_7100101
  - libcholmod ==5.3.1 h9cf07ce_7100101
  - libcxsparse ==4.4.1 hf02c80a_7100101
  - libldl ==3.3.2 hf02c80a_7100101
  - libklu ==2.3.5 h95ff59c_7100101
  - libumfpack ==6.3.5 h873dde6_7100101
  - libparu ==1.0.0 hc6afc67_7100101
  - librbio ==4.3.4 hf02c80a_7100101
  - libspex ==3.2.3 h9226d62_7100101
  - libspqr ==4.3.4 h23b7119_7100101
  license: LGPL-2.1-or-later AND BSD-3-Clause AND GPL-2.0-or-later AND Apache-2.0
  size: 12135
  timestamp: 1741963824816
- conda: https://conda.anaconda.org/conda-forge/linux-64/tk-8.6.13-noxft_h366c992_103.conda
  sha256: cafeec44494f842ffeca27e9c8b0c27ed714f93ac77ddadc6aaf726b5554ebac
  md5: cffd3bdd58090148f4cfcd831f4b26ab
  depends:
  - __glibc >=2.17,<3.0.a0
  - libgcc >=14
  - libzlib >=1.3.1,<2.0a0
  constrains:
  - xorg-libx11 >=1.8.12,<2.0a0
  license: TCL
  license_family: BSD
  size: 3301196
  timestamp: 1769460227866
- conda: https://conda.anaconda.org/conda-forge/noarch/tzdata-2025c-hc9c84f9_1.conda
  sha256: 1d30098909076af33a35017eed6f2953af1c769e273a0626a04722ac4acaba3c
  md5: ad659d0a2b3e47e38d829aa8cad2d610
  license: LicenseRef-Public-Domain
  size: 119135
  timestamp: 1767016325805
- conda: https://conda.anaconda.org/conda-forge/linux-64/zlib-1.3.2-h25fd6f3_2.conda
  sha256: 245c9ee8d688e23661b95e3c6dd7272ca936fabc03d423cdb3cdee1bbcf9f2f2
  md5: c2a01a08fc991620a74b32420e97868a
  depends:
  - __glibc >=2.17,<3.0.a0
  - libzlib 1.3.2 h25fd6f3_2
  license: Zlib
  license_family: Other
  size: 95931
  timestamp: 1774072620848
- conda: https://conda.anaconda.org/conda-forge/linux-64/zstd-1.5.7-hb78ec9c_6.conda
  sha256: 68f0206ca6e98fea941e5717cec780ed2873ffabc0e1ed34428c061e2c6268c7
  md5: 4a13eeac0b5c8e5b8ab496e6c4ddd829
  depends:
  - __glibc >=2.17,<3.0.a0
  - libzlib >=1.3.1,<2.0a0
  license: BSD-3-Clause
  license_family: BSD
  size: 601375
  timestamp: 1764777111296
